
Microsoft Visual Studio Solution File, Format Version 12.00
# Visual Studio 14
VisualStudioVersion = 14.0.25123.0
MinimumVisualStudioVersion = 10.0.40219.1
Project("{FAE04EC0-301F-11D3-BF4B-00C04F79EFBC}") = "MyMenu", "MyMenu\MyMenu.csproj", "{D7727BF9-D553-410B-985B-305DDDA93D76}"
EndProject
Project("{FAE04EC0-301F-11D3-BF4B-00C04F79EFBC}") = "MyMenu.iOS", "MyMenu\iOS\MyMenu.iOS.csproj", "{2AB20A2F-465C-43A7-BC09-12D26A98555C}"
EndProject
Project("{FAE04EC0-301F-11D3-BF4B-00C04F79EFBC}") = "MyMenu.Droid", "MyMenu\Droid\MyMenu.Droid.csproj", "{604B2890-C139-42D7-AFEB-BF2CD23DB996}"
EndProject
Project("{FAE04EC0-301F-11D3-BF4B-00C04F79EFBC}") = "MyMenu.UITests", "MyMenu\UITests\MyMenu.UITests.csproj", "{B177FC2E-5E51-457E-B5F2-C9A8164E12D0}"
EndProject
Project("{2150E333-8FDC-42A3-9474-1A3956D46DE8}") = "Admin", "Admin", "{A598A4D1-595F-419D-855A-7FFD65431363}"
EndProject
Project("{FAE04EC0-301F-11D3-BF4B-00C04F79EFBC}") = "MyMenuAdmin", "MyMenuAdmin\MyMenuAdmin\MyMenuAdmin.csproj", "{3D98C78E-9CFF-4C97-9871-F3C07376EE79}"
EndProject
Project("{FAE04EC0-301F-11D3-BF4B-00C04F79EFBC}") = "MyMenuAdmin.iOS", "MyMenuAdmin\MyMenuAdmin.iOS\MyMenuAdmin.iOS.csproj", "{898145DD-50AA-48D1-B9E0-B10367C9C111}"
EndProject
Project("{FAE04EC0-301F-11D3-BF4B-00C04F79EFBC}") = "MyMenuAdmin.Droid", "MyMenuAdmin\MyMenuAdmin.Droid\MyMenuAdmin.Droid.csproj", "{7E56436C-A8D3-4AA5-A33A-5C237362A0FC}"
EndProject
Project("{2150E333-8FDC-42A3-9474-1A3956D46DE8}") = "Client", "Client", "{E1C17FB4-53DA-4E70-8D7A-56DB314CD8B8}"
EndProject
Project("{2150E333-8FDC-42A3-9474-1A3956D46DE8}") = "Shared", "Shared", "{36C8492A-3C79-4A5B-9F0B-7FE34E1F2D73}"
EndProject
Project("{D954291E-2A0B-460D-934E-DC6B0785DB48}") = "MyMenuClient.Shared", "MyMenuClient.Shared\MyMenuClient.Shared.shproj", "{C5069874-6E82-4EC9-A45D-6ED31C6060C3}"
EndProject
Project("{2150E333-8FDC-42A3-9474-1A3956D46DE8}") = "Consumer", "Consumer", "{F8FF8C89-8118-44DD-B34F-9B34D8EE6611}"
EndProject
Global
	GlobalSection(SharedMSBuildProjectFiles) = preSolution
		MyMenuClient.Shared\MyMenuClient.Shared.projitems*{c5069874-6e82-4ec9-a45d-6ed31c6060c3}*SharedItemsImports = 13
		MyMenuClient.Shared\MyMenuClient.Shared.projitems*{d7727bf9-d553-410b-985b-305ddda93d76}*SharedItemsImports = 4
		MyMenuClient.Shared\MyMenuClient.Shared.projitems*{3d98c78e-9cff-4c97-9871-f3c07376ee79}*SharedItemsImports = 4
	EndGlobalSection
	GlobalSection(SolutionConfigurationPlatforms) = preSolution
		Ad-Hoc|Any CPU = Ad-Hoc|Any CPU
		Ad-Hoc|ARM = Ad-Hoc|ARM
		Ad-Hoc|iPhone = Ad-Hoc|iPhone
		Ad-Hoc|iPhoneSimulator = Ad-Hoc|iPhoneSimulator
		Ad-Hoc|x86 = Ad-Hoc|x86
		AppStore|Any CPU = AppStore|Any CPU
		AppStore|ARM = AppStore|ARM
		AppStore|iPhone = AppStore|iPhone
		AppStore|iPhoneSimulator = AppStore|iPhoneSimulator
		AppStore|x86 = AppStore|x86
		Debug|Any CPU = Debug|Any CPU
		Debug|ARM = Debug|ARM
		Debug|iPhone = Debug|iPhone
		Debug|iPhoneSimulator = Debug|iPhoneSimulator
		Debug|x86 = Debug|x86
		Release|Any CPU = Release|Any CPU
		Release|ARM = Release|ARM
		Release|iPhone = Release|iPhone
		Release|iPhoneSimulator = Release|iPhoneSimulator
		Release|x86 = Release|x86
	EndGlobalSection
	GlobalSection(ProjectConfigurationPlatforms) = postSolution
		{D7727BF9-D553-410B-985B-305DDDA93D76}.Ad-Hoc|Any CPU.ActiveCfg = Release|Any CPU
		{D7727BF9-D553-410B-985B-305DDDA93D76}.Ad-Hoc|Any CPU.Build.0 = Release|Any CPU
		{D7727BF9-D553-410B-985B-305DDDA93D76}.Ad-Hoc|ARM.ActiveCfg = Release|Any CPU
		{D7727BF9-D553-410B-985B-305DDDA93D76}.Ad-Hoc|ARM.Build.0 = Release|Any CPU
		{D7727BF9-D553-410B-985B-305DDDA93D76}.Ad-Hoc|iPhone.ActiveCfg = Release|Any CPU
		{D7727BF9-D553-410B-985B-305DDDA93D76}.Ad-Hoc|iPhone.Build.0 = Release|Any CPU
		{D7727BF9-D553-410B-985B-305DDDA93D76}.Ad-Hoc|iPhoneSimulator.ActiveCfg = Release|Any CPU
		{D7727BF9-D553-410B-985B-305DDDA93D76}.Ad-Hoc|iPhoneSimulator.Build.0 = Release|Any CPU
		{D7727BF9-D553-410B-985B-305DDDA93D76}.Ad-Hoc|x86.ActiveCfg = Release|Any CPU
		{D7727BF9-D553-410B-985B-305DDDA93D76}.Ad-Hoc|x86.Build.0 = Release|Any CPU
		{D7727BF9-D553-410B-985B-305DDDA93D76}.AppStore|Any CPU.ActiveCfg = Release|Any CPU
		{D7727BF9-D553-410B-985B-305DDDA93D76}.AppStore|Any CPU.Build.0 = Release|Any CPU
		{D7727BF9-D553-410B-985B-305DDDA93D76}.AppStore|ARM.ActiveCfg = Release|Any CPU
		{D7727BF9-D553-410B-985B-305DDDA93D76}.AppStore|ARM.Build.0 = Release|Any CPU
		{D7727BF9-D553-410B-985B-305DDDA93D76}.AppStore|iPhone.ActiveCfg = Release|Any CPU
		{D7727BF9-D553-410B-985B-305DDDA93D76}.AppStore|iPhone.Build.0 = Release|Any CPU
		{D7727BF9-D553-410B-985B-305DDDA93D76}.AppStore|iPhoneSimulator.ActiveCfg = Release|Any CPU
		{D7727BF9-D553-410B-985B-305DDDA93D76}.AppStore|iPhoneSimulator.Build.0 = Release|Any CPU
		{D7727BF9-D553-410B-985B-305DDDA93D76}.AppStore|x86.ActiveCfg = Release|Any CPU
		{D7727BF9-D553-410B-985B-305DDDA93D76}.AppStore|x86.Build.0 = Release|Any CPU
		{D7727BF9-D553-410B-985B-305DDDA93D76}.Debug|Any CPU.ActiveCfg = Debug|Any CPU
		{D7727BF9-D553-410B-985B-305DDDA93D76}.Debug|Any CPU.Build.0 = Debug|Any CPU
		{D7727BF9-D553-410B-985B-305DDDA93D76}.Debug|ARM.ActiveCfg = Debug|Any CPU
		{D7727BF9-D553-410B-985B-305DDDA93D76}.Debug|ARM.Build.0 = Debug|Any CPU
		{D7727BF9-D553-410B-985B-305DDDA93D76}.Debug|iPhone.ActiveCfg = Debug|Any CPU
		{D7727BF9-D553-410B-985B-305DDDA93D76}.Debug|iPhone.Build.0 = Debug|Any CPU
		{D7727BF9-D553-410B-985B-305DDDA93D76}.Debug|iPhoneSimulator.ActiveCfg = Debug|Any CPU
		{D7727BF9-D553-410B-985B-305DDDA93D76}.Debug|iPhoneSimulator.Build.0 = Debug|Any CPU
		{D7727BF9-D553-410B-985B-305DDDA93D76}.Debug|x86.ActiveCfg = Debug|Any CPU
		{D7727BF9-D553-410B-985B-305DDDA93D76}.Debug|x86.Build.0 = Debug|Any CPU
		{D7727BF9-D553-410B-985B-305DDDA93D76}.Release|Any CPU.ActiveCfg = Release|Any CPU
		{D7727BF9-D553-410B-985B-305DDDA93D76}.Release|Any CPU.Build.0 = Release|Any CPU
		{D7727BF9-D553-410B-985B-305DDDA93D76}.Release|ARM.ActiveCfg = Release|Any CPU
		{D7727BF9-D553-410B-985B-305DDDA93D76}.Release|ARM.Build.0 = Release|Any CPU
		{D7727BF9-D553-410B-985B-305DDDA93D76}.Release|iPhone.ActiveCfg = Release|Any CPU
		{D7727BF9-D553-410B-985B-305DDDA93D76}.Release|iPhone.Build.0 = Release|Any CPU
		{D7727BF9-D553-410B-985B-305DDDA93D76}.Release|iPhoneSimulator.ActiveCfg = Release|Any CPU
		{D7727BF9-D553-410B-985B-305DDDA93D76}.Release|iPhoneSimulator.Build.0 = Release|Any CPU
		{D7727BF9-D553-410B-985B-305DDDA93D76}.Release|x86.ActiveCfg = Release|Any CPU
		{D7727BF9-D553-410B-985B-305DDDA93D76}.Release|x86.Build.0 = Release|Any CPU
		{2AB20A2F-465C-43A7-BC09-12D26A98555C}.Ad-Hoc|Any CPU.ActiveCfg = Release|iPhoneSimulator
		{2AB20A2F-465C-43A7-BC09-12D26A98555C}.Ad-Hoc|Any CPU.Build.0 = Release|iPhoneSimulator
		{2AB20A2F-465C-43A7-BC09-12D26A98555C}.Ad-Hoc|ARM.ActiveCfg = Release|iPhoneSimulator
		{2AB20A2F-465C-43A7-BC09-12D26A98555C}.Ad-Hoc|ARM.Build.0 = Release|iPhoneSimulator
		{2AB20A2F-465C-43A7-BC09-12D26A98555C}.Ad-Hoc|iPhone.ActiveCfg = Release|iPhone
		{2AB20A2F-465C-43A7-BC09-12D26A98555C}.Ad-Hoc|iPhone.Build.0 = Release|iPhone
		{2AB20A2F-465C-43A7-BC09-12D26A98555C}.Ad-Hoc|iPhoneSimulator.ActiveCfg = Release|iPhoneSimulator
		{2AB20A2F-465C-43A7-BC09-12D26A98555C}.Ad-Hoc|iPhoneSimulator.Build.0 = Release|iPhoneSimulator
		{2AB20A2F-465C-43A7-BC09-12D26A98555C}.Ad-Hoc|x86.ActiveCfg = Release|iPhoneSimulator
		{2AB20A2F-465C-43A7-BC09-12D26A98555C}.Ad-Hoc|x86.Build.0 = Release|iPhoneSimulator
		{2AB20A2F-465C-43A7-BC09-12D26A98555C}.AppStore|Any CPU.ActiveCfg = Release|iPhoneSimulator
		{2AB20A2F-465C-43A7-BC09-12D26A98555C}.AppStore|Any CPU.Build.0 = Release|iPhoneSimulator
		{2AB20A2F-465C-43A7-BC09-12D26A98555C}.AppStore|ARM.ActiveCfg = Release|iPhoneSimulator
		{2AB20A2F-465C-43A7-BC09-12D26A98555C}.AppStore|ARM.Build.0 = Release|iPhoneSimulator
		{2AB20A2F-465C-43A7-BC09-12D26A98555C}.AppStore|iPhone.ActiveCfg = Release|iPhone
		{2AB20A2F-465C-43A7-BC09-12D26A98555C}.AppStore|iPhone.Build.0 = Release|iPhone
		{2AB20A2F-465C-43A7-BC09-12D26A98555C}.AppStore|iPhoneSimulator.ActiveCfg = Release|iPhoneSimulator
		{2AB20A2F-465C-43A7-BC09-12D26A98555C}.AppStore|iPhoneSimulator.Build.0 = Release|iPhoneSimulator
		{2AB20A2F-465C-43A7-BC09-12D26A98555C}.AppStore|x86.ActiveCfg = Release|iPhoneSimulator
		{2AB20A2F-465C-43A7-BC09-12D26A98555C}.AppStore|x86.Build.0 = Release|iPhoneSimulator
		{2AB20A2F-465C-43A7-BC09-12D26A98555C}.Debug|Any CPU.ActiveCfg = Debug|iPhoneSimulator
		{2AB20A2F-465C-43A7-BC09-12D26A98555C}.Debug|Any CPU.Build.0 = Debug|iPhoneSimulator
		{2AB20A2F-465C-43A7-BC09-12D26A98555C}.Debug|ARM.ActiveCfg = Debug|iPhone
		{2AB20A2F-465C-43A7-BC09-12D26A98555C}.Debug|iPhone.ActiveCfg = Debug|iPhone
		{2AB20A2F-465C-43A7-BC09-12D26A98555C}.Debug|iPhone.Build.0 = Debug|iPhone
		{2AB20A2F-465C-43A7-BC09-12D26A98555C}.Debug|iPhoneSimulator.ActiveCfg = Debug|iPhoneSimulator
		{2AB20A2F-465C-43A7-BC09-12D26A98555C}.Debug|iPhoneSimulator.Build.0 = Debug|iPhoneSimulator
		{2AB20A2F-465C-43A7-BC09-12D26A98555C}.Debug|x86.ActiveCfg = Debug|iPhone
		{2AB20A2F-465C-43A7-BC09-12D26A98555C}.Release|Any CPU.ActiveCfg = Release|iPhone
		{2AB20A2F-465C-43A7-BC09-12D26A98555C}.Release|Any CPU.Build.0 = Release|iPhone
		{2AB20A2F-465C-43A7-BC09-12D26A98555C}.Release|ARM.ActiveCfg = Release|iPhoneSimulator
		{2AB20A2F-465C-43A7-BC09-12D26A98555C}.Release|iPhone.ActiveCfg = Release|iPhone
		{2AB20A2F-465C-43A7-BC09-12D26A98555C}.Release|iPhone.Build.0 = Release|iPhone
		{2AB20A2F-465C-43A7-BC09-12D26A98555C}.Release|iPhoneSimulator.ActiveCfg = Release|iPhoneSimulator
		{2AB20A2F-465C-43A7-BC09-12D26A98555C}.Release|iPhoneSimulator.Build.0 = Release|iPhoneSimulator
		{2AB20A2F-465C-43A7-BC09-12D26A98555C}.Release|x86.ActiveCfg = Release|iPhoneSimulator
		{604B2890-C139-42D7-AFEB-BF2CD23DB996}.Ad-Hoc|Any CPU.ActiveCfg = Release|Any CPU
		{604B2890-C139-42D7-AFEB-BF2CD23DB996}.Ad-Hoc|Any CPU.Build.0 = Release|Any CPU
		{604B2890-C139-42D7-AFEB-BF2CD23DB996}.Ad-Hoc|Any CPU.Deploy.0 = Release|Any CPU
		{604B2890-C139-42D7-AFEB-BF2CD23DB996}.Ad-Hoc|ARM.ActiveCfg = Release|Any CPU
		{604B2890-C139-42D7-AFEB-BF2CD23DB996}.Ad-Hoc|ARM.Build.0 = Release|Any CPU
		{604B2890-C139-42D7-AFEB-BF2CD23DB996}.Ad-Hoc|ARM.Deploy.0 = Release|Any CPU
		{604B2890-C139-42D7-AFEB-BF2CD23DB996}.Ad-Hoc|iPhone.ActiveCfg = Release|Any CPU
		{604B2890-C139-42D7-AFEB-BF2CD23DB996}.Ad-Hoc|iPhone.Build.0 = Release|Any CPU
		{604B2890-C139-42D7-AFEB-BF2CD23DB996}.Ad-Hoc|iPhone.Deploy.0 = Release|Any CPU
		{604B2890-C139-42D7-AFEB-BF2CD23DB996}.Ad-Hoc|iPhoneSimulator.ActiveCfg = Release|Any CPU
		{604B2890-C139-42D7-AFEB-BF2CD23DB996}.Ad-Hoc|iPhoneSimulator.Build.0 = Release|Any CPU
		{604B2890-C139-42D7-AFEB-BF2CD23DB996}.Ad-Hoc|iPhoneSimulator.Deploy.0 = Release|Any CPU
		{604B2890-C139-42D7-AFEB-BF2CD23DB996}.Ad-Hoc|x86.ActiveCfg = Release|Any CPU
		{604B2890-C139-42D7-AFEB-BF2CD23DB996}.Ad-Hoc|x86.Build.0 = Release|Any CPU
		{604B2890-C139-42D7-AFEB-BF2CD23DB996}.Ad-Hoc|x86.Deploy.0 = Release|Any CPU
		{604B2890-C139-42D7-AFEB-BF2CD23DB996}.AppStore|Any CPU.ActiveCfg = Release|Any CPU
		{604B2890-C139-42D7-AFEB-BF2CD23DB996}.AppStore|Any CPU.Build.0 = Release|Any CPU
		{604B2890-C139-42D7-AFEB-BF2CD23DB996}.AppStore|Any CPU.Deploy.0 = Release|Any CPU
		{604B2890-C139-42D7-AFEB-BF2CD23DB996}.AppStore|ARM.ActiveCfg = Release|Any CPU
		{604B2890-C139-42D7-AFEB-BF2CD23DB996}.AppStore|ARM.Build.0 = Release|Any CPU
		{604B2890-C139-42D7-AFEB-BF2CD23DB996}.AppStore|ARM.Deploy.0 = Release|Any CPU
		{604B2890-C139-42D7-AFEB-BF2CD23DB996}.AppStore|iPhone.ActiveCfg = Release|Any CPU
		{604B2890-C139-42D7-AFEB-BF2CD23DB996}.AppStore|iPhone.Build.0 = Release|Any CPU
		{604B2890-C139-42D7-AFEB-BF2CD23DB996}.AppStore|iPhone.Deploy.0 = Release|Any CPU
		{604B2890-C139-42D7-AFEB-BF2CD23DB996}.AppStore|iPhoneSimulator.ActiveCfg = Release|Any CPU
		{604B2890-C139-42D7-AFEB-BF2CD23DB996}.AppStore|iPhoneSimulator.Build.0 = Release|Any CPU
		{604B2890-C139-42D7-AFEB-BF2CD23DB996}.AppStore|iPhoneSimulator.Deploy.0 = Release|Any CPU
		{604B2890-C139-42D7-AFEB-BF2CD23DB996}.AppStore|x86.ActiveCfg = Release|Any CPU
		{604B2890-C139-42D7-AFEB-BF2CD23DB996}.AppStore|x86.Build.0 = Release|Any CPU
		{604B2890-C139-42D7-AFEB-BF2CD23DB996}.AppStore|x86.Deploy.0 = Release|Any CPU
		{604B2890-C139-42D7-AFEB-BF2CD23DB996}.Debug|Any CPU.ActiveCfg = Debug|Any CPU
		{604B2890-C139-42D7-AFEB-BF2CD23DB996}.Debug|Any CPU.Build.0 = Debug|Any CPU
		{604B2890-C139-42D7-AFEB-BF2CD23DB996}.Debug|Any CPU.Deploy.0 = Debug|Any CPU
		{604B2890-C139-42D7-AFEB-BF2CD23DB996}.Debug|ARM.ActiveCfg = Debug|Any CPU
		{604B2890-C139-42D7-AFEB-BF2CD23DB996}.Debug|ARM.Build.0 = Debug|Any CPU
		{604B2890-C139-42D7-AFEB-BF2CD23DB996}.Debug|ARM.Deploy.0 = Debug|Any CPU
		{604B2890-C139-42D7-AFEB-BF2CD23DB996}.Debug|iPhone.ActiveCfg = Debug|Any CPU
		{604B2890-C139-42D7-AFEB-BF2CD23DB996}.Debug|iPhone.Build.0 = Debug|Any CPU
		{604B2890-C139-42D7-AFEB-BF2CD23DB996}.Debug|iPhoneSimulator.ActiveCfg = Debug|Any CPU
		{604B2890-C139-42D7-AFEB-BF2CD23DB996}.Debug|iPhoneSimulator.Build.0 = Debug|Any CPU
		{604B2890-C139-42D7-AFEB-BF2CD23DB996}.Debug|iPhoneSimulator.Deploy.0 = Debug|Any CPU
		{604B2890-C139-42D7-AFEB-BF2CD23DB996}.Debug|x86.ActiveCfg = Debug|Any CPU
		{604B2890-C139-42D7-AFEB-BF2CD23DB996}.Debug|x86.Build.0 = Debug|Any CPU
		{604B2890-C139-42D7-AFEB-BF2CD23DB996}.Debug|x86.Deploy.0 = Debug|Any CPU
		{604B2890-C139-42D7-AFEB-BF2CD23DB996}.Release|Any CPU.ActiveCfg = Release|Any CPU
		{604B2890-C139-42D7-AFEB-BF2CD23DB996}.Release|Any CPU.Build.0 = Release|Any CPU
		{604B2890-C139-42D7-AFEB-BF2CD23DB996}.Release|ARM.ActiveCfg = Release|Any CPU
		{604B2890-C139-42D7-AFEB-BF2CD23DB996}.Release|ARM.Build.0 = Release|Any CPU
		{604B2890-C139-42D7-AFEB-BF2CD23DB996}.Release|ARM.Deploy.0 = Release|Any CPU
		{604B2890-C139-42D7-AFEB-BF2CD23DB996}.Release|iPhone.ActiveCfg = Release|Any CPU
		{604B2890-C139-42D7-AFEB-BF2CD23DB996}.Release|iPhone.Build.0 = Release|Any CPU
		{604B2890-C139-42D7-AFEB-BF2CD23DB996}.Release|iPhoneSimulator.ActiveCfg = Release|Any CPU
		{604B2890-C139-42D7-AFEB-BF2CD23DB996}.Release|iPhoneSimulator.Build.0 = Release|Any CPU
		{604B2890-C139-42D7-AFEB-BF2CD23DB996}.Release|x86.ActiveCfg = Release|Any CPU
		{604B2890-C139-42D7-AFEB-BF2CD23DB996}.Release|x86.Build.0 = Release|Any CPU
		{604B2890-C139-42D7-AFEB-BF2CD23DB996}.Release|x86.Deploy.0 = Release|Any CPU
		{B177FC2E-5E51-457E-B5F2-C9A8164E12D0}.Ad-Hoc|Any CPU.ActiveCfg = Release|Any CPU
		{B177FC2E-5E51-457E-B5F2-C9A8164E12D0}.Ad-Hoc|Any CPU.Build.0 = Release|Any CPU
		{B177FC2E-5E51-457E-B5F2-C9A8164E12D0}.Ad-Hoc|ARM.ActiveCfg = Release|Any CPU
		{B177FC2E-5E51-457E-B5F2-C9A8164E12D0}.Ad-Hoc|ARM.Build.0 = Release|Any CPU
		{B177FC2E-5E51-457E-B5F2-C9A8164E12D0}.Ad-Hoc|iPhone.ActiveCfg = Release|Any CPU
		{B177FC2E-5E51-457E-B5F2-C9A8164E12D0}.Ad-Hoc|iPhone.Build.0 = Release|Any CPU
		{B177FC2E-5E51-457E-B5F2-C9A8164E12D0}.Ad-Hoc|iPhoneSimulator.ActiveCfg = Release|Any CPU
		{B177FC2E-5E51-457E-B5F2-C9A8164E12D0}.Ad-Hoc|iPhoneSimulator.Build.0 = Release|Any CPU
		{B177FC2E-5E51-457E-B5F2-C9A8164E12D0}.Ad-Hoc|x86.ActiveCfg = Release|Any CPU
		{B177FC2E-5E51-457E-B5F2-C9A8164E12D0}.Ad-Hoc|x86.Build.0 = Release|Any CPU
		{B177FC2E-5E51-457E-B5F2-C9A8164E12D0}.AppStore|Any CPU.ActiveCfg = Release|Any CPU
		{B177FC2E-5E51-457E-B5F2-C9A8164E12D0}.AppStore|Any CPU.Build.0 = Release|Any CPU
		{B177FC2E-5E51-457E-B5F2-C9A8164E12D0}.AppStore|ARM.ActiveCfg = Release|Any CPU
		{B177FC2E-5E51-457E-B5F2-C9A8164E12D0}.AppStore|ARM.Build.0 = Release|Any CPU
		{B177FC2E-5E51-457E-B5F2-C9A8164E12D0}.AppStore|iPhone.ActiveCfg = Release|Any CPU
		{B177FC2E-5E51-457E-B5F2-C9A8164E12D0}.AppStore|iPhone.Build.0 = Release|Any CPU
		{B177FC2E-5E51-457E-B5F2-C9A8164E12D0}.AppStore|iPhoneSimulator.ActiveCfg = Release|Any CPU
		{B177FC2E-5E51-457E-B5F2-C9A8164E12D0}.AppStore|iPhoneSimulator.Build.0 = Release|Any CPU
		{B177FC2E-5E51-457E-B5F2-C9A8164E12D0}.AppStore|x86.ActiveCfg = Release|Any CPU
		{B177FC2E-5E51-457E-B5F2-C9A8164E12D0}.AppStore|x86.Build.0 = Release|Any CPU
		{B177FC2E-5E51-457E-B5F2-C9A8164E12D0}.Debug|Any CPU.ActiveCfg = Debug|Any CPU
		{B177FC2E-5E51-457E-B5F2-C9A8164E12D0}.Debug|Any CPU.Build.0 = Debug|Any CPU
		{B177FC2E-5E51-457E-B5F2-C9A8164E12D0}.Debug|ARM.ActiveCfg = Debug|Any CPU
		{B177FC2E-5E51-457E-B5F2-C9A8164E12D0}.Debug|ARM.Build.0 = Debug|Any CPU
		{B177FC2E-5E51-457E-B5F2-C9A8164E12D0}.Debug|iPhone.ActiveCfg = Debug|Any CPU
		{B177FC2E-5E51-457E-B5F2-C9A8164E12D0}.Debug|iPhone.Build.0 = Debug|Any CPU
		{B177FC2E-5E51-457E-B5F2-C9A8164E12D0}.Debug|iPhoneSimulator.ActiveCfg = Debug|Any CPU
		{B177FC2E-5E51-457E-B5F2-C9A8164E12D0}.Debug|iPhoneSimulator.Build.0 = Debug|Any CPU
		{B177FC2E-5E51-457E-B5F2-C9A8164E12D0}.Debug|x86.ActiveCfg = Debug|Any CPU
		{B177FC2E-5E51-457E-B5F2-C9A8164E12D0}.Debug|x86.Build.0 = Debug|Any CPU
		{B177FC2E-5E51-457E-B5F2-C9A8164E12D0}.Release|Any CPU.ActiveCfg = Release|Any CPU
		{B177FC2E-5E51-457E-B5F2-C9A8164E12D0}.Release|Any CPU.Build.0 = Release|Any CPU
		{B177FC2E-5E51-457E-B5F2-C9A8164E12D0}.Release|ARM.ActiveCfg = Release|Any CPU
		{B177FC2E-5E51-457E-B5F2-C9A8164E12D0}.Release|ARM.Build.0 = Release|Any CPU
		{B177FC2E-5E51-457E-B5F2-C9A8164E12D0}.Release|iPhone.ActiveCfg = Release|Any CPU
		{B177FC2E-5E51-457E-B5F2-C9A8164E12D0}.Release|iPhone.Build.0 = Release|Any CPU
		{B177FC2E-5E51-457E-B5F2-C9A8164E12D0}.Release|iPhoneSimulator.ActiveCfg = Release|Any CPU
		{B177FC2E-5E51-457E-B5F2-C9A8164E12D0}.Release|iPhoneSimulator.Build.0 = Release|Any CPU
		{B177FC2E-5E51-457E-B5F2-C9A8164E12D0}.Release|x86.ActiveCfg = Release|Any CPU
		{B177FC2E-5E51-457E-B5F2-C9A8164E12D0}.Release|x86.Build.0 = Release|Any CPU
		{3D98C78E-9CFF-4C97-9871-F3C07376EE79}.Ad-Hoc|Any CPU.ActiveCfg = Release|Any CPU
		{3D98C78E-9CFF-4C97-9871-F3C07376EE79}.Ad-Hoc|Any CPU.Build.0 = Release|Any CPU
		{3D98C78E-9CFF-4C97-9871-F3C07376EE79}.Ad-Hoc|ARM.ActiveCfg = Release|Any CPU
		{3D98C78E-9CFF-4C97-9871-F3C07376EE79}.Ad-Hoc|ARM.Build.0 = Release|Any CPU
		{3D98C78E-9CFF-4C97-9871-F3C07376EE79}.Ad-Hoc|iPhone.ActiveCfg = Release|Any CPU
		{3D98C78E-9CFF-4C97-9871-F3C07376EE79}.Ad-Hoc|iPhone.Build.0 = Release|Any CPU
		{3D98C78E-9CFF-4C97-9871-F3C07376EE79}.Ad-Hoc|iPhoneSimulator.ActiveCfg = Release|Any CPU
		{3D98C78E-9CFF-4C97-9871-F3C07376EE79}.Ad-Hoc|iPhoneSimulator.Build.0 = Release|Any CPU
		{3D98C78E-9CFF-4C97-9871-F3C07376EE79}.Ad-Hoc|x86.ActiveCfg = Release|Any CPU
		{3D98C78E-9CFF-4C97-9871-F3C07376EE79}.Ad-Hoc|x86.Build.0 = Release|Any CPU
		{3D98C78E-9CFF-4C97-9871-F3C07376EE79}.AppStore|Any CPU.ActiveCfg = Release|Any CPU
		{3D98C78E-9CFF-4C97-9871-F3C07376EE79}.AppStore|Any CPU.Build.0 = Release|Any CPU
		{3D98C78E-9CFF-4C97-9871-F3C07376EE79}.AppStore|ARM.ActiveCfg = Release|Any CPU
		{3D98C78E-9CFF-4C97-9871-F3C07376EE79}.AppStore|ARM.Build.0 = Release|Any CPU
		{3D98C78E-9CFF-4C97-9871-F3C07376EE79}.AppStore|iPhone.ActiveCfg = Release|Any CPU
		{3D98C78E-9CFF-4C97-9871-F3C07376EE79}.AppStore|iPhone.Build.0 = Release|Any CPU
		{3D98C78E-9CFF-4C97-9871-F3C07376EE79}.AppStore|iPhoneSimulator.ActiveCfg = Release|Any CPU
		{3D98C78E-9CFF-4C97-9871-F3C07376EE79}.AppStore|iPhoneSimulator.Build.0 = Release|Any CPU
		{3D98C78E-9CFF-4C97-9871-F3C07376EE79}.AppStore|x86.ActiveCfg = Release|Any CPU
		{3D98C78E-9CFF-4C97-9871-F3C07376EE79}.AppStore|x86.Build.0 = Release|Any CPU
		{3D98C78E-9CFF-4C97-9871-F3C07376EE79}.Debug|Any CPU.ActiveCfg = Debug|Any CPU
		{3D98C78E-9CFF-4C97-9871-F3C07376EE79}.Debug|Any CPU.Build.0 = Debug|Any CPU
		{3D98C78E-9CFF-4C97-9871-F3C07376EE79}.Debug|ARM.ActiveCfg = Debug|Any CPU
		{3D98C78E-9CFF-4C97-9871-F3C07376EE79}.Debug|ARM.Build.0 = Debug|Any CPU
		{3D98C78E-9CFF-4C97-9871-F3C07376EE79}.Debug|iPhone.ActiveCfg = Debug|Any CPU
		{3D98C78E-9CFF-4C97-9871-F3C07376EE79}.Debug|iPhone.Build.0 = Debug|Any CPU
		{3D98C78E-9CFF-4C97-9871-F3C07376EE79}.Debug|iPhoneSimulator.ActiveCfg = Debug|Any CPU
		{3D98C78E-9CFF-4C97-9871-F3C07376EE79}.Debug|iPhoneSimulator.Build.0 = Debug|Any CPU
		{3D98C78E-9CFF-4C97-9871-F3C07376EE79}.Debug|x86.ActiveCfg = Debug|Any CPU
		{3D98C78E-9CFF-4C97-9871-F3C07376EE79}.Debug|x86.Build.0 = Debug|Any CPU
		{3D98C78E-9CFF-4C97-9871-F3C07376EE79}.Release|Any CPU.ActiveCfg = Release|Any CPU
		{3D98C78E-9CFF-4C97-9871-F3C07376EE79}.Release|Any CPU.Build.0 = Release|Any CPU
		{3D98C78E-9CFF-4C97-9871-F3C07376EE79}.Release|ARM.ActiveCfg = Release|Any CPU
		{3D98C78E-9CFF-4C97-9871-F3C07376EE79}.Release|ARM.Build.0 = Release|Any CPU
		{3D98C78E-9CFF-4C97-9871-F3C07376EE79}.Release|iPhone.ActiveCfg = Release|Any CPU
		{3D98C78E-9CFF-4C97-9871-F3C07376EE79}.Release|iPhone.Build.0 = Release|Any CPU
		{3D98C78E-9CFF-4C97-9871-F3C07376EE79}.Release|iPhoneSimulator.ActiveCfg = Release|Any CPU
		{3D98C78E-9CFF-4C97-9871-F3C07376EE79}.Release|iPhoneSimulator.Build.0 = Release|Any CPU
		{3D98C78E-9CFF-4C97-9871-F3C07376EE79}.Release|x86.ActiveCfg = Release|Any CPU
		{3D98C78E-9CFF-4C97-9871-F3C07376EE79}.Release|x86.Build.0 = Release|Any CPU
		{898145DD-50AA-48D1-B9E0-B10367C9C111}.Ad-Hoc|Any CPU.ActiveCfg = Ad-Hoc|iPhone
		{898145DD-50AA-48D1-B9E0-B10367C9C111}.Ad-Hoc|ARM.ActiveCfg = Ad-Hoc|iPhone
		{898145DD-50AA-48D1-B9E0-B10367C9C111}.Ad-Hoc|iPhone.ActiveCfg = Ad-Hoc|iPhone
		{898145DD-50AA-48D1-B9E0-B10367C9C111}.Ad-Hoc|iPhone.Build.0 = Ad-Hoc|iPhone
		{898145DD-50AA-48D1-B9E0-B10367C9C111}.Ad-Hoc|iPhoneSimulator.ActiveCfg = Ad-Hoc|iPhoneSimulator
		{898145DD-50AA-48D1-B9E0-B10367C9C111}.Ad-Hoc|iPhoneSimulator.Build.0 = Ad-Hoc|iPhoneSimulator
		{898145DD-50AA-48D1-B9E0-B10367C9C111}.Ad-Hoc|x86.ActiveCfg = Ad-Hoc|iPhone
		{898145DD-50AA-48D1-B9E0-B10367C9C111}.AppStore|Any CPU.ActiveCfg = AppStore|iPhone
		{898145DD-50AA-48D1-B9E0-B10367C9C111}.AppStore|ARM.ActiveCfg = AppStore|iPhone
		{898145DD-50AA-48D1-B9E0-B10367C9C111}.AppStore|iPhone.ActiveCfg = AppStore|iPhone
		{898145DD-50AA-48D1-B9E0-B10367C9C111}.AppStore|iPhone.Build.0 = AppStore|iPhone
		{898145DD-50AA-48D1-B9E0-B10367C9C111}.AppStore|iPhoneSimulator.ActiveCfg = AppStore|iPhoneSimulator
		{898145DD-50AA-48D1-B9E0-B10367C9C111}.AppStore|iPhoneSimulator.Build.0 = AppStore|iPhoneSimulator
		{898145DD-50AA-48D1-B9E0-B10367C9C111}.AppStore|x86.ActiveCfg = AppStore|iPhone
		{898145DD-50AA-48D1-B9E0-B10367C9C111}.Debug|Any CPU.ActiveCfg = Debug|iPhoneSimulator
		{898145DD-50AA-48D1-B9E0-B10367C9C111}.Debug|Any CPU.Build.0 = Debug|iPhoneSimulator
		{898145DD-50AA-48D1-B9E0-B10367C9C111}.Debug|ARM.ActiveCfg = Debug|iPhone
		{898145DD-50AA-48D1-B9E0-B10367C9C111}.Debug|iPhone.ActiveCfg = Debug|iPhone
		{898145DD-50AA-48D1-B9E0-B10367C9C111}.Debug|iPhone.Build.0 = Debug|iPhone
		{898145DD-50AA-48D1-B9E0-B10367C9C111}.Debug|iPhoneSimulator.ActiveCfg = Debug|iPhoneSimulator
		{898145DD-50AA-48D1-B9E0-B10367C9C111}.Debug|iPhoneSimulator.Build.0 = Debug|iPhoneSimulator
		{898145DD-50AA-48D1-B9E0-B10367C9C111}.Debug|x86.ActiveCfg = Debug|iPhone
		{898145DD-50AA-48D1-B9E0-B10367C9C111}.Release|Any CPU.ActiveCfg = Release|iPhone
		{898145DD-50AA-48D1-B9E0-B10367C9C111}.Release|ARM.ActiveCfg = Release|iPhone
		{898145DD-50AA-48D1-B9E0-B10367C9C111}.Release|iPhone.ActiveCfg = Release|iPhone
		{898145DD-50AA-48D1-B9E0-B10367C9C111}.Release|iPhone.Build.0 = Release|iPhone
		{898145DD-50AA-48D1-B9E0-B10367C9C111}.Release|iPhoneSimulator.ActiveCfg = Release|iPhoneSimulator
		{898145DD-50AA-48D1-B9E0-B10367C9C111}.Release|iPhoneSimulator.Build.0 = Release|iPhoneSimulator
		{898145DD-50AA-48D1-B9E0-B10367C9C111}.Release|x86.ActiveCfg = Release|iPhone
		{7E56436C-A8D3-4AA5-A33A-5C237362A0FC}.Ad-Hoc|Any CPU.ActiveCfg = Release|Any CPU
		{7E56436C-A8D3-4AA5-A33A-5C237362A0FC}.Ad-Hoc|Any CPU.Build.0 = Release|Any CPU
		{7E56436C-A8D3-4AA5-A33A-5C237362A0FC}.Ad-Hoc|Any CPU.Deploy.0 = Release|Any CPU
		{7E56436C-A8D3-4AA5-A33A-5C237362A0FC}.Ad-Hoc|ARM.ActiveCfg = Release|Any CPU
		{7E56436C-A8D3-4AA5-A33A-5C237362A0FC}.Ad-Hoc|ARM.Build.0 = Release|Any CPU
		{7E56436C-A8D3-4AA5-A33A-5C237362A0FC}.Ad-Hoc|ARM.Deploy.0 = Release|Any CPU
		{7E56436C-A8D3-4AA5-A33A-5C237362A0FC}.Ad-Hoc|iPhone.ActiveCfg = Release|Any CPU
		{7E56436C-A8D3-4AA5-A33A-5C237362A0FC}.Ad-Hoc|iPhone.Build.0 = Release|Any CPU
		{7E56436C-A8D3-4AA5-A33A-5C237362A0FC}.Ad-Hoc|iPhone.Deploy.0 = Release|Any CPU
		{7E56436C-A8D3-4AA5-A33A-5C237362A0FC}.Ad-Hoc|iPhoneSimulator.ActiveCfg = Release|Any CPU
		{7E56436C-A8D3-4AA5-A33A-5C237362A0FC}.Ad-Hoc|iPhoneSimulator.Build.0 = Release|Any CPU
		{7E56436C-A8D3-4AA5-A33A-5C237362A0FC}.Ad-Hoc|iPhoneSimulator.Deploy.0 = Release|Any CPU
		{7E56436C-A8D3-4AA5-A33A-5C237362A0FC}.Ad-Hoc|x86.ActiveCfg = Release|Any CPU
		{7E56436C-A8D3-4AA5-A33A-5C237362A0FC}.Ad-Hoc|x86.Build.0 = Release|Any CPU
		{7E56436C-A8D3-4AA5-A33A-5C237362A0FC}.Ad-Hoc|x86.Deploy.0 = Release|Any CPU
		{7E56436C-A8D3-4AA5-A33A-5C237362A0FC}.AppStore|Any CPU.ActiveCfg = Release|Any CPU
		{7E56436C-A8D3-4AA5-A33A-5C237362A0FC}.AppStore|Any CPU.Build.0 = Release|Any CPU
		{7E56436C-A8D3-4AA5-A33A-5C237362A0FC}.AppStore|Any CPU.Deploy.0 = Release|Any CPU
		{7E56436C-A8D3-4AA5-A33A-5C237362A0FC}.AppStore|ARM.ActiveCfg = Release|Any CPU
		{7E56436C-A8D3-4AA5-A33A-5C237362A0FC}.AppStore|ARM.Build.0 = Release|Any CPU
		{7E56436C-A8D3-4AA5-A33A-5C237362A0FC}.AppStore|ARM.Deploy.0 = Release|Any CPU
		{7E56436C-A8D3-4AA5-A33A-5C237362A0FC}.AppStore|iPhone.ActiveCfg = Release|Any CPU
		{7E56436C-A8D3-4AA5-A33A-5C237362A0FC}.AppStore|iPhone.Build.0 = Release|Any CPU
		{7E56436C-A8D3-4AA5-A33A-5C237362A0FC}.AppStore|iPhone.Deploy.0 = Release|Any CPU
		{7E56436C-A8D3-4AA5-A33A-5C237362A0FC}.AppStore|iPhoneSimulator.ActiveCfg = Release|Any CPU
		{7E56436C-A8D3-4AA5-A33A-5C237362A0FC}.AppStore|iPhoneSimulator.Build.0 = Release|Any CPU
		{7E56436C-A8D3-4AA5-A33A-5C237362A0FC}.AppStore|iPhoneSimulator.Deploy.0 = Release|Any CPU
		{7E56436C-A8D3-4AA5-A33A-5C237362A0FC}.AppStore|x86.ActiveCfg = Release|Any CPU
		{7E56436C-A8D3-4AA5-A33A-5C237362A0FC}.AppStore|x86.Build.0 = Release|Any CPU
		{7E56436C-A8D3-4AA5-A33A-5C237362A0FC}.AppStore|x86.Deploy.0 = Release|Any CPU
		{7E56436C-A8D3-4AA5-A33A-5C237362A0FC}.Debug|Any CPU.ActiveCfg = Debug|Any CPU
		{7E56436C-A8D3-4AA5-A33A-5C237362A0FC}.Debug|Any CPU.Build.0 = Debug|Any CPU
		{7E56436C-A8D3-4AA5-A33A-5C237362A0FC}.Debug|Any CPU.Deploy.0 = Debug|Any CPU
		{7E56436C-A8D3-4AA5-A33A-5C237362A0FC}.Debug|ARM.ActiveCfg = Debug|Any CPU
		{7E56436C-A8D3-4AA5-A33A-5C237362A0FC}.Debug|ARM.Build.0 = Debug|Any CPU
		{7E56436C-A8D3-4AA5-A33A-5C237362A0FC}.Debug|ARM.Deploy.0 = Debug|Any CPU
		{7E56436C-A8D3-4AA5-A33A-5C237362A0FC}.Debug|iPhone.ActiveCfg = Debug|Any CPU
		{7E56436C-A8D3-4AA5-A33A-5C237362A0FC}.Debug|iPhone.Build.0 = Debug|Any CPU
		{7E56436C-A8D3-4AA5-A33A-5C237362A0FC}.Debug|iPhone.Deploy.0 = Debug|Any CPU
		{7E56436C-A8D3-4AA5-A33A-5C237362A0FC}.Debug|iPhoneSimulator.ActiveCfg = Debug|Any CPU
		{7E56436C-A8D3-4AA5-A33A-5C237362A0FC}.Debug|iPhoneSimulator.Build.0 = Debug|Any CPU
		{7E56436C-A8D3-4AA5-A33A-5C237362A0FC}.Debug|iPhoneSimulator.Deploy.0 = Debug|Any CPU
		{7E56436C-A8D3-4AA5-A33A-5C237362A0FC}.Debug|x86.ActiveCfg = Debug|Any CPU
		{7E56436C-A8D3-4AA5-A33A-5C237362A0FC}.Debug|x86.Build.0 = Debug|Any CPU
		{7E56436C-A8D3-4AA5-A33A-5C237362A0FC}.Debug|x86.Deploy.0 = Debug|Any CPU
		{7E56436C-A8D3-4AA5-A33A-5C237362A0FC}.Release|Any CPU.ActiveCfg = Release|Any CPU
		{7E56436C-A8D3-4AA5-A33A-5C237362A0FC}.Release|Any CPU.Build.0 = Release|Any CPU
		{7E56436C-A8D3-4AA5-A33A-5C237362A0FC}.Release|Any CPU.Deploy.0 = Release|Any CPU
		{7E56436C-A8D3-4AA5-A33A-5C237362A0FC}.Release|ARM.ActiveCfg = Release|Any CPU
		{7E56436C-A8D3-4AA5-A33A-5C237362A0FC}.Release|ARM.Build.0 = Release|Any CPU
		{7E56436C-A8D3-4AA5-A33A-5C237362A0FC}.Release|ARM.Deploy.0 = Release|Any CPU
		{7E56436C-A8D3-4AA5-A33A-5C237362A0FC}.Release|iPhone.ActiveCfg = Release|Any CPU
		{7E56436C-A8D3-4AA5-A33A-5C237362A0FC}.Release|iPhone.Build.0 = Release|Any CPU
		{7E56436C-A8D3-4AA5-A33A-5C237362A0FC}.Release|iPhone.Deploy.0 = Release|Any CPU
		{7E56436C-A8D3-4AA5-A33A-5C237362A0FC}.Release|iPhoneSimulator.ActiveCfg = Release|Any CPU
		{7E56436C-A8D3-4AA5-A33A-5C237362A0FC}.Release|iPhoneSimulator.Build.0 = Release|Any CPU
		{7E56436C-A8D3-4AA5-A33A-5C237362A0FC}.Release|iPhoneSimulator.Deploy.0 = Release|Any CPU
		{7E56436C-A8D3-4AA5-A33A-5C237362A0FC}.Release|x86.ActiveCfg = Release|Any CPU
		{7E56436C-A8D3-4AA5-A33A-5C237362A0FC}.Release|x86.Build.0 = Release|Any CPU
		{7E56436C-A8D3-4AA5-A33A-5C237362A0FC}.Release|x86.Deploy.0 = Release|Any CPU
	EndGlobalSection
	GlobalSection(SolutionProperties) = preSolution
		HideSolutionNode = FALSE
	EndGlobalSection
	GlobalSection(NestedProjects) = preSolution
		{D7727BF9-D553-410B-985B-305DDDA93D76} = {F8FF8C89-8118-44DD-B34F-9B34D8EE6611}
		{2AB20A2F-465C-43A7-BC09-12D26A98555C} = {F8FF8C89-8118-44DD-B34F-9B34D8EE6611}
		{604B2890-C139-42D7-AFEB-BF2CD23DB996} = {F8FF8C89-8118-44DD-B34F-9B34D8EE6611}
		{B177FC2E-5E51-457E-B5F2-C9A8164E12D0} = {F8FF8C89-8118-44DD-B34F-9B34D8EE6611}
		{A598A4D1-595F-419D-855A-7FFD65431363} = {E1C17FB4-53DA-4E70-8D7A-56DB314CD8B8}
		{3D98C78E-9CFF-4C97-9871-F3C07376EE79} = {A598A4D1-595F-419D-855A-7FFD65431363}
		{898145DD-50AA-48D1-B9E0-B10367C9C111} = {A598A4D1-595F-419D-855A-7FFD65431363}
		{7E56436C-A8D3-4AA5-A33A-5C237362A0FC} = {A598A4D1-595F-419D-855A-7FFD65431363}
		{36C8492A-3C79-4A5B-9F0B-7FE34E1F2D73} = {E1C17FB4-53DA-4E70-8D7A-56DB314CD8B8}
		{C5069874-6E82-4EC9-A45D-6ED31C6060C3} = {36C8492A-3C79-4A5B-9F0B-7FE34E1F2D73}
		{F8FF8C89-8118-44DD-B34F-9B34D8EE6611} = {E1C17FB4-53DA-4E70-8D7A-56DB314CD8B8}
	EndGlobalSection
	GlobalSection(MonoDevelopProperties) = preSolution
		Policies = $0
		$0.DotNetNamingPolicy = $1
		$1.DirectoryNamespaceAssociation = None
		$1.ResourceNamePolicy = FileFormatDefault
		$0.NameConventionPolicy = $2
		$2.Rules = $3
		$3.NamingRule = $4
		$4.AffectedEntity = None
		$4.VisibilityMask = VisibilityMask
		$4.NamingStyle = None
		$4.IncludeInstanceMembers = True
		$4.IncludeStaticEntities = True
	EndGlobalSection
EndGlobal
